
Microsoft Visual Studio Solution File, Format Version 12.00
# Visual Studio 15
VisualStudioVersion = 15.0.28307.960
MinimumVisualStudioVersion = 10.0.40219.1
Project("{8BC9CEB8-8B4A-11D0-8D11-00A0C91BC942}") = "试探回溯法", "试探回溯法\试探回溯法.vcxproj", "{946A148B-3151-4734-9D46-7A3BDD9DC17C}"
EndProject
Project("{8BC9CEB8-8B4A-11D0-8D11-00A0C91BC942}") = "51N皇后", "51N皇后\51N皇后.vcxproj", "{6598D13E-AA3E-4509-A239-3903CE0BE50C}"
EndProject
Project("{8BC9CEB8-8B4A-11D0-8D11-00A0C91BC942}") = "79单词搜索", "79单词搜索\79单词搜索.vcxproj", "{C109BFAA-FF38-4555-B179-2E1F287AD03B}"
EndProject
Project("{8BC9CEB8-8B4A-11D0-8D11-00A0C91BC942}") = "93复原ip地址", "93复原ip地址\93复原ip地址.vcxproj", "{A7414C26-EC5B-4A6E-8829-BCAC7FA250B8}"
EndProject
Global
	GlobalSection(SolutionConfigurationPlatforms) = preSolution
		Debug|x64 = Debug|x64
		Debug|x86 = Debug|x86
		Release|x64 = Release|x64
		Release|x86 = Release|x86
	EndGlobalSection
	GlobalSection(ProjectConfigurationPlatforms) = postSolution
		{946A148B-3151-4734-9D46-7A3BDD9DC17C}.Debug|x64.ActiveCfg = Debug|x64
		{946A148B-3151-4734-9D46-7A3BDD9DC17C}.Debug|x64.Build.0 = Debug|x64
		{946A148B-3151-4734-9D46-7A3BDD9DC17C}.Debug|x86.ActiveCfg = Debug|Win32
		{946A148B-3151-4734-9D46-7A3BDD9DC17C}.Debug|x86.Build.0 = Debug|Win32
		{946A148B-3151-4734-9D46-7A3BDD9DC17C}.Release|x64.ActiveCfg = Release|x64
		{946A148B-3151-4734-9D46-7A3BDD9DC17C}.Release|x64.Build.0 = Release|x64
		{946A148B-3151-4734-9D46-7A3BDD9DC17C}.Release|x86.ActiveCfg = Release|Win32
		{946A148B-3151-4734-9D46-7A3BDD9DC17C}.Release|x86.Build.0 = Release|Win32
		{6598D13E-AA3E-4509-A239-3903CE0BE50C}.Debug|x64.ActiveCfg = Debug|x64
		{6598D13E-AA3E-4509-A239-3903CE0BE50C}.Debug|x64.Build.0 = Debug|x64
		{6598D13E-AA3E-4509-A239-3903CE0BE50C}.Debug|x86.ActiveCfg = Debug|Win32
		{6598D13E-AA3E-4509-A239-3903CE0BE50C}.Debug|x86.Build.0 = Debug|Win32
		{6598D13E-AA3E-4509-A239-3903CE0BE50C}.Release|x64.ActiveCfg = Release|x64
		{6598D13E-AA3E-4509-A239-3903CE0BE50C}.Release|x64.Build.0 = Release|x64
		{6598D13E-AA3E-4509-A239-3903CE0BE50C}.Release|x86.ActiveCfg = Release|Win32
		{6598D13E-AA3E-4509-A239-3903CE0BE50C}.Release|x86.Build.0 = Release|Win32
		{C109BFAA-FF38-4555-B179-2E1F287AD03B}.Debug|x64.ActiveCfg = Debug|x64
		{C109BFAA-FF38-4555-B179-2E1F287AD03B}.Debug|x64.Build.0 = Debug|x64
		{C109BFAA-FF38-4555-B179-2E1F287AD03B}.Debug|x86.ActiveCfg = Debug|Win32
		{C109BFAA-FF38-4555-B179-2E1F287AD03B}.Debug|x86.Build.0 = Debug|Win32
		{C109BFAA-FF38-4555-B179-2E1F287AD03B}.Release|x64.ActiveCfg = Release|x64
		{C109BFAA-FF38-4555-B179-2E1F287AD03B}.Release|x64.Build.0 = Release|x64
		{C109BFAA-FF38-4555-B179-2E1F287AD03B}.Release|x86.ActiveCfg = Release|Win32
		{C109BFAA-FF38-4555-B179-2E1F287AD03B}.Release|x86.Build.0 = Release|Win32
		{A7414C26-EC5B-4A6E-8829-BCAC7FA250B8}.Debug|x64.ActiveCfg = Debug|x64
		{A7414C26-EC5B-4A6E-8829-BCAC7FA250B8}.Debug|x64.Build.0 = Debug|x64
		{A7414C26-EC5B-4A6E-8829-BCAC7FA250B8}.Debug|x86.ActiveCfg = Debug|Win32
		{A7414C26-EC5B-4A6E-8829-BCAC7FA250B8}.Debug|x86.Build.0 = Debug|Win32
		{A7414C26-EC5B-4A6E-8829-BCAC7FA250B8}.Release|x64.ActiveCfg = Release|x64
		{A7414C26-EC5B-4A6E-8829-BCAC7FA250B8}.Release|x64.Build.0 = Release|x64
		{A7414C26-EC5B-4A6E-8829-BCAC7FA250B8}.Release|x86.ActiveCfg = Release|Win32
		{A7414C26-EC5B-4A6E-8829-BCAC7FA250B8}.Release|x86.Build.0 = Release|Win32
	EndGlobalSection
	GlobalSection(SolutionProperties) = preSolution
		HideSolutionNode = FALSE
	EndGlobalSection
	GlobalSection(ExtensibilityGlobals) = postSolution
		SolutionGuid = {E5A5EF1C-7AC2-41C1-AC74-89B18116D7A3}
	EndGlobalSection
EndGlobal
