
Microsoft Visual Studio Solution File, Format Version 12.00
# Visual Studio 15
VisualStudioVersion = 15.0.28307.960
MinimumVisualStudioVersion = 10.0.40219.1
Project("{8BC9CEB8-8B4A-11D0-8D11-00A0C91BC942}") = "深度优先搜索", "深度优先搜索\深度优先搜索.vcxproj", "{C406DCB7-AF12-43E9-AF4C-302E8488F19F}"
EndProject
Project("{8BC9CEB8-8B4A-11D0-8D11-00A0C91BC942}") = "108将有序数组转换成二叉树", "108将有序数组转换成二叉树\108将有序数组转换成二叉树.vcxproj", "{8BB74423-EBF8-44DB-B31D-9F5181C8F9CB}"
EndProject
Project("{8BC9CEB8-8B4A-11D0-8D11-00A0C91BC942}") = "104二叉树的最大深度", "104二叉树的最大深度\104二叉树的最大深度.vcxproj", "{413B495E-73F9-4F39-8EA1-956904B929AB}"
EndProject
Project("{8BC9CEB8-8B4A-11D0-8D11-00A0C91BC942}") = "110平衡二叉树", "110平衡二叉树\110平衡二叉树.vcxproj", "{D2BFF8C7-3145-4257-9F67-BADBFFFC64C3}"
EndProject
Project("{8BC9CEB8-8B4A-11D0-8D11-00A0C91BC942}") = "111二叉树的最小深度", "111二叉树的最小深度\111二叉树的最小深度.vcxproj", "{80527691-A139-4B32-B535-D911D844BA69}"
EndProject
Global
	GlobalSection(SolutionConfigurationPlatforms) = preSolution
		Debug|x64 = Debug|x64
		Debug|x86 = Debug|x86
		Release|x64 = Release|x64
		Release|x86 = Release|x86
	EndGlobalSection
	GlobalSection(ProjectConfigurationPlatforms) = postSolution
		{C406DCB7-AF12-43E9-AF4C-302E8488F19F}.Debug|x64.ActiveCfg = Debug|x64
		{C406DCB7-AF12-43E9-AF4C-302E8488F19F}.Debug|x64.Build.0 = Debug|x64
		{C406DCB7-AF12-43E9-AF4C-302E8488F19F}.Debug|x86.ActiveCfg = Debug|Win32
		{C406DCB7-AF12-43E9-AF4C-302E8488F19F}.Debug|x86.Build.0 = Debug|Win32
		{C406DCB7-AF12-43E9-AF4C-302E8488F19F}.Release|x64.ActiveCfg = Release|x64
		{C406DCB7-AF12-43E9-AF4C-302E8488F19F}.Release|x64.Build.0 = Release|x64
		{C406DCB7-AF12-43E9-AF4C-302E8488F19F}.Release|x86.ActiveCfg = Release|Win32
		{C406DCB7-AF12-43E9-AF4C-302E8488F19F}.Release|x86.Build.0 = Release|Win32
		{8BB74423-EBF8-44DB-B31D-9F5181C8F9CB}.Debug|x64.ActiveCfg = Debug|x64
		{8BB74423-EBF8-44DB-B31D-9F5181C8F9CB}.Debug|x64.Build.0 = Debug|x64
		{8BB74423-EBF8-44DB-B31D-9F5181C8F9CB}.Debug|x86.ActiveCfg = Debug|Win32
		{8BB74423-EBF8-44DB-B31D-9F5181C8F9CB}.Debug|x86.Build.0 = Debug|Win32
		{8BB74423-EBF8-44DB-B31D-9F5181C8F9CB}.Release|x64.ActiveCfg = Release|x64
		{8BB74423-EBF8-44DB-B31D-9F5181C8F9CB}.Release|x64.Build.0 = Release|x64
		{8BB74423-EBF8-44DB-B31D-9F5181C8F9CB}.Release|x86.ActiveCfg = Release|Win32
		{8BB74423-EBF8-44DB-B31D-9F5181C8F9CB}.Release|x86.Build.0 = Release|Win32
		{413B495E-73F9-4F39-8EA1-956904B929AB}.Debug|x64.ActiveCfg = Debug|x64
		{413B495E-73F9-4F39-8EA1-956904B929AB}.Debug|x64.Build.0 = Debug|x64
		{413B495E-73F9-4F39-8EA1-956904B929AB}.Debug|x86.ActiveCfg = Debug|Win32
		{413B495E-73F9-4F39-8EA1-956904B929AB}.Debug|x86.Build.0 = Debug|Win32
		{413B495E-73F9-4F39-8EA1-956904B929AB}.Release|x64.ActiveCfg = Release|x64
		{413B495E-73F9-4F39-8EA1-956904B929AB}.Release|x64.Build.0 = Release|x64
		{413B495E-73F9-4F39-8EA1-956904B929AB}.Release|x86.ActiveCfg = Release|Win32
		{413B495E-73F9-4F39-8EA1-956904B929AB}.Release|x86.Build.0 = Release|Win32
		{D2BFF8C7-3145-4257-9F67-BADBFFFC64C3}.Debug|x64.ActiveCfg = Debug|x64
		{D2BFF8C7-3145-4257-9F67-BADBFFFC64C3}.Debug|x64.Build.0 = Debug|x64
		{D2BFF8C7-3145-4257-9F67-BADBFFFC64C3}.Debug|x86.ActiveCfg = Debug|Win32
		{D2BFF8C7-3145-4257-9F67-BADBFFFC64C3}.Debug|x86.Build.0 = Debug|Win32
		{D2BFF8C7-3145-4257-9F67-BADBFFFC64C3}.Release|x64.ActiveCfg = Release|x64
		{D2BFF8C7-3145-4257-9F67-BADBFFFC64C3}.Release|x64.Build.0 = Release|x64
		{D2BFF8C7-3145-4257-9F67-BADBFFFC64C3}.Release|x86.ActiveCfg = Release|Win32
		{D2BFF8C7-3145-4257-9F67-BADBFFFC64C3}.Release|x86.Build.0 = Release|Win32
		{80527691-A139-4B32-B535-D911D844BA69}.Debug|x64.ActiveCfg = Debug|x64
		{80527691-A139-4B32-B535-D911D844BA69}.Debug|x64.Build.0 = Debug|x64
		{80527691-A139-4B32-B535-D911D844BA69}.Debug|x86.ActiveCfg = Debug|Win32
		{80527691-A139-4B32-B535-D911D844BA69}.Debug|x86.Build.0 = Debug|Win32
		{80527691-A139-4B32-B535-D911D844BA69}.Release|x64.ActiveCfg = Release|x64
		{80527691-A139-4B32-B535-D911D844BA69}.Release|x64.Build.0 = Release|x64
		{80527691-A139-4B32-B535-D911D844BA69}.Release|x86.ActiveCfg = Release|Win32
		{80527691-A139-4B32-B535-D911D844BA69}.Release|x86.Build.0 = Release|Win32
	EndGlobalSection
	GlobalSection(SolutionProperties) = preSolution
		HideSolutionNode = FALSE
	EndGlobalSection
	GlobalSection(ExtensibilityGlobals) = postSolution
		SolutionGuid = {C0C1104C-52F6-4016-8C3D-9EC02B737E65}
	EndGlobalSection
EndGlobal
